
Microsoft Visual Studio Solution File, Format Version 12.00
Project("{2150E333-8FDC-42A3-9474-1A3956D46DE8}") = "files", "files", "{F9B692D0-DA9A-4D07-BB41-6DF675E6FB4E}"
ProjectSection(SolutionItems) = preProject
	README.md = ../README.md
	.gitignore = ../.gitignore
	docker-compose.yml = docker-compose.yml
	Dockerfile = Dockerfile
	LICENSE.MD = ../LICENSE.MD
EndProjectSection
EndProject
Project("{FAE04EC0-301F-11D3-BF4B-00C04F79EFBC}") = "ghosts-animator", "ghosts-animator\ghosts-animator.csproj", "{5C4E2334-E16C-42B6-92C1-F9290127911F}"
EndProject
Project("{FAE04EC0-301F-11D3-BF4B-00C04F79EFBC}") = "ghosts-animator-api", "ghosts-animator-api\ghosts-animator-api.csproj", "{EBEDFF27-FC2E-42B7-BE0E-626B1EC95E6F}"
EndProject
Project("{FAE04EC0-301F-11D3-BF4B-00C04F79EFBC}") = "ghosts-animator-tests", "test\ghosts-animator-tests.csproj", "{1486406A-987E-4E6C-A782-2FECE4AAB22A}"
EndProject
Global
	GlobalSection(SolutionConfigurationPlatforms) = preSolution
		Debug|Any CPU = Debug|Any CPU
		Release|Any CPU = Release|Any CPU
	EndGlobalSection
	GlobalSection(ProjectConfigurationPlatforms) = postSolution
		{5C4E2334-E16C-42B6-92C1-F9290127911F}.Debug|Any CPU.ActiveCfg = Debug|Any CPU
		{5C4E2334-E16C-42B6-92C1-F9290127911F}.Debug|Any CPU.Build.0 = Debug|Any CPU
		{5C4E2334-E16C-42B6-92C1-F9290127911F}.Release|Any CPU.ActiveCfg = Release|Any CPU
		{5C4E2334-E16C-42B6-92C1-F9290127911F}.Release|Any CPU.Build.0 = Release|Any CPU
		{EBEDFF27-FC2E-42B7-BE0E-626B1EC95E6F}.Debug|Any CPU.ActiveCfg = Debug|Any CPU
		{EBEDFF27-FC2E-42B7-BE0E-626B1EC95E6F}.Debug|Any CPU.Build.0 = Debug|Any CPU
		{EBEDFF27-FC2E-42B7-BE0E-626B1EC95E6F}.Release|Any CPU.ActiveCfg = Release|Any CPU
		{EBEDFF27-FC2E-42B7-BE0E-626B1EC95E6F}.Release|Any CPU.Build.0 = Release|Any CPU
		{1486406A-987E-4E6C-A782-2FECE4AAB22A}.Debug|Any CPU.ActiveCfg = Debug|Any CPU
		{1486406A-987E-4E6C-A782-2FECE4AAB22A}.Debug|Any CPU.Build.0 = Debug|Any CPU
		{1486406A-987E-4E6C-A782-2FECE4AAB22A}.Release|Any CPU.ActiveCfg = Release|Any CPU
		{1486406A-987E-4E6C-A782-2FECE4AAB22A}.Release|Any CPU.Build.0 = Release|Any CPU
	EndGlobalSection
EndGlobal
